
Microsoft Visual Studio Solution File, Format Version 12.00
# Visual Studio 2013
VisualStudioVersion = 12.0.21005.1
MinimumVisualStudioVersion = 10.0.40219.1
Project("{8BC9CEB8-8B4A-11D0-8D11-00A0C91BC942}") = "InjectionCodeVisualStudioProject", "InjectionCodeVisualStudioProject\InjectionCodeVisualStudioProject.vcxproj", "{A214DF1F-AB99-4EA5-9540-D1C7A44AC960}"
EndProject
Project("{8BC9CEB8-8B4A-11D0-8D11-00A0C91BC942}") = "dllToInjection", "dllToInjection\dllToInjection.vcxproj", "{501FB6E2-E1E5-4728-994B-D21EA1EB0A86}"
EndProject
Global
	GlobalSection(SolutionConfigurationPlatforms) = preSolution
		Debug|Win32 = Debug|Win32
		Release|Win32 = Release|Win32
	EndGlobalSection
	GlobalSection(ProjectConfigurationPlatforms) = postSolution
		{A214DF1F-AB99-4EA5-9540-D1C7A44AC960}.Debug|Win32.ActiveCfg = Debug|Win32
		{A214DF1F-AB99-4EA5-9540-D1C7A44AC960}.Debug|Win32.Build.0 = Debug|Win32
		{A214DF1F-AB99-4EA5-9540-D1C7A44AC960}.Release|Win32.ActiveCfg = Release|Win32
		{A214DF1F-AB99-4EA5-9540-D1C7A44AC960}.Release|Win32.Build.0 = Release|Win32
		{501FB6E2-E1E5-4728-994B-D21EA1EB0A86}.Debug|Win32.ActiveCfg = Debug|Win32
		{501FB6E2-E1E5-4728-994B-D21EA1EB0A86}.Debug|Win32.Build.0 = Debug|Win32
		{501FB6E2-E1E5-4728-994B-D21EA1EB0A86}.Release|Win32.ActiveCfg = Release|Win32
		{501FB6E2-E1E5-4728-994B-D21EA1EB0A86}.Release|Win32.Build.0 = Release|Win32
	EndGlobalSection
	GlobalSection(SolutionProperties) = preSolution
		HideSolutionNode = FALSE
	EndGlobalSection
EndGlobal
